
Microsoft Visual Studio Solution File, Format Version 12.00
# Visual Studio Version 16
VisualStudioVersion = 16.0.30320.27
MinimumVisualStudioVersion = 10.0.40219.1
Project("{FAE04EC0-301F-11D3-BF4B-00C04F79EFBC}") = "gfxfont", "src\gfxfont.csproj", "{D58890EB-11B2-428B-A54E-5EA70A261C0C}"
EndProject
Global
	GlobalSection(SolutionConfigurationPlatforms) = preSolution
		Debug|Any CPU = Debug|Any CPU
		Release|Any CPU = Release|Any CPU
	EndGlobalSection
	GlobalSection(ProjectConfigurationPlatforms) = postSolution
		{D58890EB-11B2-428B-A54E-5EA70A261C0C}.Debug|Any CPU.ActiveCfg = Debug|Any CPU
		{D58890EB-11B2-428B-A54E-5EA70A261C0C}.Debug|Any CPU.Build.0 = Debug|Any CPU
		{D58890EB-11B2-428B-A54E-5EA70A261C0C}.Release|Any CPU.ActiveCfg = Release|Any CPU
		{D58890EB-11B2-428B-A54E-5EA70A261C0C}.Release|Any CPU.Build.0 = Release|Any CPU
	EndGlobalSection
	GlobalSection(SolutionProperties) = preSolution
		HideSolutionNode = FALSE
	EndGlobalSection
	GlobalSection(ExtensibilityGlobals) = postSolution
		SolutionGuid = {E428C65F-9D8A-4A09-AB77-842051EDCFBF}
	EndGlobalSection
EndGlobal
